// !$*UTF8*$!
{
	archiveVersion = 1;
	classes = {
	};
	objectVersion = 46;
	objects = {

/* Begin PBXBuildFile section */
		6300D9681D62CE15006A64D8 /* main.m in Sources */ = {isa = PBXBuildFile; fileRef = 6300D9671D62CE15006A64D8 /* main.m */; };
		6300D96B1D62CE15006A64D8 /* AppDelegate.m in Sources */ = {isa = PBXBuildFile; fileRef = 6300D96A1D62CE15006A64D8 /* AppDelegate.m */; };
		6300D96E1D62CE15006A64D8 /* ViewController.m in Sources */ = {isa = PBXBuildFile; fileRef = 6300D96D1D62CE15006A64D8 /* ViewController.m */; };
		6300D9731D62CE15006A64D8 /* Assets.xcassets in Resources */ = {isa = PBXBuildFile; fileRef = 6300D9721D62CE15006A64D8 /* Assets.xcassets */; };
		6300D97E1D62CEDE006A64D8 /* ViewController.xib in Resources */ = {isa = PBXBuildFile; fileRef = 6300D97D1D62CEDE006A64D8 /* ViewController.xib */; };
		6300D9801D62D0EC006A64D8 /* Default-568h@2x.png in Resources */ = {isa = PBXBuildFile; fileRef = 6300D97F1D62D0EC006A64D8 /* Default-568h@2x.png */; };
		6300D9841D641D1D006A64D8 /* PageViewController.m in Sources */ = {isa = PBXBuildFile; fileRef = 6300D9821D641D1D006A64D8 /* PageViewController.m */; };
		6300D9851D641D1D006A64D8 /* PageViewController.xib in Resources */ = {isa = PBXBuildFile; fileRef = 6300D9831D641D1D006A64D8 /* PageViewController.xib */; };
		6300D9891D642147006A64D8 /* PageContentViewController.m in Sources */ = {isa = PBXBuildFile; fileRef = 6300D9871D642147006A64D8 /* PageContentViewController.m */; };
		6300D98A1D642147006A64D8 /* PageContentViewController.xib in Resources */ = {isa = PBXBuildFile; fileRef = 6300D9881D642147006A64D8 /* PageContentViewController.xib */; };
		6300D9901D6424F1006A64D8 /* clear-compressed.jpg in Resources */ = {isa = PBXBuildFile; fileRef = 6300D98C1D6424F1006A64D8 /* clear-compressed.jpg */; };
		6300D9911D6424F1006A64D8 /* cold-compressed.jpg in Resources */ = {isa = PBXBuildFile; fileRef = 6300D98D1D6424F1006A64D8 /* cold-compressed.jpg */; };
		6300D9921D6424F1006A64D8 /* rainy.jpg in Resources */ = {isa = PBXBuildFile; fileRef = 6300D98E1D6424F1006A64D8 /* rainy.jpg */; };
		6300D9931D6424F1006A64D8 /* sunny.jpg in Resources */ = {isa = PBXBuildFile; fileRef = 6300D98F1D6424F1006A64D8 /* sunny.jpg */; };
/* End PBXBuildFile section */

/* Begin PBXFileReference section */
		6300D9631D62CE15006A64D8 /* appleWeatherClone.app */ = {isa = PBXFileReference; explicitFileType = wrapper.application; includeInIndex = 0; path = appleWeatherClone.app; sourceTree = BUILT_PRODUCTS_DIR; };
		6300D9671D62CE15006A64D8 /* main.m */ = {isa = PBXFileReference; lastKnownFileType = sourcecode.c.objc; path = main.m; sourceTree = "<group>"; };
		6300D9691D62CE15006A64D8 /* AppDelegate.h */ = {isa = PBXFileReference; lastKnownFileType = sourcecode.c.h; path = AppDelegate.h; sourceTree = "<group>"; };
		6300D96A1D62CE15006A64D8 /* AppDelegate.m */ = {isa = PBXFileReference; lastKnownFileType = sourcecode.c.objc; path = AppDelegate.m; sourceTree = "<group>"; };
		6300D96C1D62CE15006A64D8 /* ViewController.h */ = {isa = PBXFileReference; lastKnownFileType = sourcecode.c.h; path = ViewController.h; sourceTree = "<group>"; };
		6300D96D1D62CE15006A64D8 /* ViewController.m */ = {isa = PBXFileReference; lastKnownFileType = sourcecode.c.objc; path = ViewController.m; sourceTree = "<group>"; };
		6300D9721D62CE15006A64D8 /* Assets.xcassets */ = {isa = PBXFileReference; lastKnownFileType = folder.assetcatalog; path = Assets.xcassets; sourceTree = "<group>"; };
		6300D9771D62CE15006A64D8 /* Info.plist */ = {isa = PBXFileReference; lastKnownFileType = text.plist.xml; path = Info.plist; sourceTree = "<group>"; };
		6300D97D1D62CEDE006A64D8 /* ViewController.xib */ = {isa = PBXFileReference; fileEncoding = 4; lastKnownFileType = file.xib; path = ViewController.xib; sourceTree = "<group>"; };
		6300D97F1D62D0EC006A64D8 /* Default-568h@2x.png */ = {isa = PBXFileReference; lastKnownFileType = image.png; path = "Default-568h@2x.png"; sourceTree = "<group>"; };
		6300D9811D641D1D006A64D8 /* PageViewController.h */ = {isa = PBXFileReference; fileEncoding = 4; lastKnownFileType = sourcecode.c.h; path = PageViewController.h; sourceTree = "<group>"; };
		6300D9821D641D1D006A64D8 /* PageViewController.m */ = {isa = PBXFileReference; fileEncoding = 4; lastKnownFileType = sourcecode.c.objc; path = PageViewController.m; sourceTree = "<group>"; };
		6300D9831D641D1D006A64D8 /* PageViewController.xib */ = {isa = PBXFileReference; fileEncoding = 4; lastKnownFileType = file.xib; path = PageViewController.xib; sourceTree = "<group>"; };
		6300D9861D642147006A64D8 /* PageContentViewController.h */ = {isa = PBXFileReference; fileEncoding = 4; lastKnownFileType = sourcecode.c.h; path = PageContentViewController.h; sourceTree = "<group>"; };
		6300D9871D642147006A64D8 /* PageContentViewController.m */ = {isa = PBXFileReference; fileEncoding = 4; lastKnownFileType = sourcecode.c.objc; path = PageContentViewController.m; sourceTree = "<group>"; };
		6300D9881D642147006A64D8 /* PageContentViewController.xib */ = {isa = PBXFileReference; fileEncoding = 4; lastKnownFileType = file.xib; path = PageContentViewController.xib; sourceTree = "<group>"; };
		6300D98C1D6424F1006A64D8 /* clear-compressed.jpg */ = {isa = PBXFileReference; lastKnownFileType = image.jpeg; name = "clear-compressed.jpg"; path = "../../../photosWeatherApp/clear-compressed.jpg"; sourceTree = "<group>"; };
		6300D98D1D6424F1006A64D8 /* cold-compressed.jpg */ = {isa = PBXFileReference; lastKnownFileType = image.jpeg; name = "cold-compressed.jpg"; path = "../../../photosWeatherApp/cold-compressed.jpg"; sourceTree = "<group>"; };
		6300D98E1D6424F1006A64D8 /* rainy.jpg */ = {isa = PBXFileReference; lastKnownFileType = image.jpeg; name = rainy.jpg; path = ../../../photosWeatherApp/rainy.jpg; sourceTree = "<group>"; };
		6300D98F1D6424F1006A64D8 /* sunny.jpg */ = {isa = PBXFileReference; lastKnownFileType = image.jpeg; name = sunny.jpg; path = ../../../photosWeatherApp/sunny.jpg; sourceTree = "<group>"; };
/* End PBXFileReference section */

/* Begin PBXFrameworksBuildPhase section */
		6300D9601D62CE15006A64D8 /* Frameworks */ = {
			isa = PBXFrameworksBuildPhase;
			buildActionMask = 2147483647;
			files = (
			);
			runOnlyForDeploymentPostprocessing = 0;
		};
/* End PBXFrameworksBuildPhase section */

/* Begin PBXGroup section */
		6300D95A1D62CE15006A64D8 = {
			isa = PBXGroup;
			children = (
				6300D97F1D62D0EC006A64D8 /* Default-568h@2x.png */,
				6300D9651D62CE15006A64D8 /* appleWeatherClone */,
				6300D9641D62CE15006A64D8 /* Products */,
			);
			sourceTree = "<group>";
		};
		6300D9641D62CE15006A64D8 /* Products */ = {
			isa = PBXGroup;
			children = (
				6300D9631D62CE15006A64D8 /* appleWeatherClone.app */,
			);
			name = Products;
			sourceTree = "<group>";
		};
		6300D9651D62CE15006A64D8 /* appleWeatherClone */ = {
			isa = PBXGroup;
			children = (
				6300D98B1D6424B6006A64D8 /* Graphics */,
				6300D9691D62CE15006A64D8 /* AppDelegate.h */,
				6300D96A1D62CE15006A64D8 /* AppDelegate.m */,
				6300D9721D62CE15006A64D8 /* Assets.xcassets */,
				6300D9771D62CE15006A64D8 /* Info.plist */,
				6300D96C1D62CE15006A64D8 /* ViewController.h */,
				6300D96D1D62CE15006A64D8 /* ViewController.m */,
				6300D97D1D62CEDE006A64D8 /* ViewController.xib */,
				6300D9811D641D1D006A64D8 /* PageViewController.h */,
				6300D9821D641D1D006A64D8 /* PageViewController.m */,
				6300D9831D641D1D006A64D8 /* PageViewController.xib */,
				6300D9861D642147006A64D8 /* PageContentViewController.h */,
				6300D9871D642147006A64D8 /* PageContentViewController.m */,
				6300D9881D642147006A64D8 /* PageContentViewController.xib */,
				6300D9661D62CE15006A64D8 /* Supporting Files */,
			);
			path = appleWeatherClone;
			sourceTree = "<group>";
		};
		6300D9661D62CE15006A64D8 /* Supporting Files */ = {
			isa = PBXGroup;
			children = (
				6300D9671D62CE15006A64D8 /* main.m */,
			);
			name = "Supporting Files";
			sourceTree = "<group>";
		};
		6300D98B1D6424B6006A64D8 /* Graphics */ = {
			isa = PBXGroup;
			children = (
				6300D98C1D6424F1006A64D8 /* clear-compressed.jpg */,
				6300D98D1D6424F1006A64D8 /* cold-compressed.jpg */,
				6300D98E1D6424F1006A64D8 /* rainy.jpg */,
				6300D98F1D6424F1006A64D8 /* sunny.jpg */,
			);
			name = Graphics;
			sourceTree = "<group>";
		};
/* End PBXGroup section */

/* Begin PBXNativeTarget section */
		6300D9621D62CE15006A64D8 /* appleWeatherClone */ = {
			isa = PBXNativeTarget;
			buildConfigurationList = 6300D97A1D62CE15006A64D8 /* Build configuration list for PBXNativeTarget "appleWeatherClone" */;
			buildPhases = (
				6300D95F1D62CE15006A64D8 /* Sources */,
				6300D9601D62CE15006A64D8 /* Frameworks */,
				6300D9611D62CE15006A64D8 /* Resources */,
			);
			buildRules = (
			);
			dependencies = (
			);
			name = appleWeatherClone;
			productName = appleWeatherClone;
			productReference = 6300D9631D62CE15006A64D8 /* appleWeatherClone.app */;
			productType = "com.apple.product-type.application";
		};
/* End PBXNativeTarget section */

/* Begin PBXProject section */
		6300D95B1D62CE15006A64D8 /* Project object */ = {
			isa = PBXProject;
			attributes = {
				LastUpgradeCheck = 0710;
				ORGANIZATIONNAME = "Rnjai Lamba";
				TargetAttributes = {
					6300D9621D62CE15006A64D8 = {
						CreatedOnToolsVersion = 7.1.1;
					};
				};
			};
			buildConfigurationList = 6300D95E1D62CE15006A64D8 /* Build configuration list for PBXProject "appleWeatherClone" */;
			compatibilityVersion = "Xcode 3.2";
			developmentRegion = English;
			hasScannedForEncodings = 0;
			knownRegions = (
				en,
				Base,
			);
			mainGroup = 6300D95A1D62CE15006A64D8;
			productRefGroup = 6300D9641D62CE15006A64D8 /* Products */;
			projectDirPath = "";
			projectRoot = "";
			targets = (
				6300D9621D62CE15006A64D8 /* appleWeatherClone */,
			);
		};
/* End PBXProject section */

/* Begin PBXResourcesBuildPhase section */
		6300D9611D62CE15006A64D8 /* Resources */ = {
			isa = PBXResourcesBuildPhase;
			buildActionMask = 2147483647;
			files = (
				6300D9901D6424F1006A64D8 /* clear-compressed.jpg in Resources */,
				6300D9931D6424F1006A64D8 /* sunny.jpg in Resources */,
				6300D97E1D62CEDE006A64D8 /* ViewController.xib in Resources */,
				6300D9911D6424F1006A64D8 /* cold-compressed.jpg in Resources */,
				6300D9921D6424F1006A64D8 /* rainy.jpg in Resources */,
				6300D9731D62CE15006A64D8 /* Assets.xcassets in Resources */,
				6300D9801D62D0EC006A64D8 /* Default-568h@2x.png in Resources */,
				6300D9851D641D1D006A64D8 /* PageViewController.xib in Resources */,
				6300D98A1D642147006A64D8 /* PageContentViewController.xib in Resources */,
			);
			runOnlyForDeploymentPostprocessing = 0;
		};
/* End PBXResourcesBuildPhase section */

/* Begin PBXSourcesBuildPhase section */
		6300D95F1D62CE15006A64D8 /* Sources */ = {
			isa = PBXSourcesBuildPhase;
			buildActionMask = 2147483647;
			files = (
				6300D96E1D62CE15006A64D8 /* ViewController.m in Sources */,
				6300D96B1D62CE15006A64D8 /* AppDelegate.m in Sources */,
				6300D9891D642147006A64D8 /* PageContentViewController.m in Sources */,
				6300D9681D62CE15006A64D8 /* main.m in Sources */,
				6300D9841D641D1D006A64D8 /* PageViewController.m in Sources */,
			);
			runOnlyForDeploymentPostprocessing = 0;
		};
/* End PBXSourcesBuildPhase section */

/* Begin XCBuildConfiguration section */
		6300D9781D62CE15006A64D8 /* Debug */ = {
			isa = XCBuildConfiguration;
			buildSettings = {
				ALWAYS_SEARCH_USER_PATHS = NO;
				CLANG_CXX_LANGUAGE_STANDARD = "gnu++0x";
				CLANG_CXX_LIBRARY = "libc++";
				CLANG_ENABLE_MODULES = YES;
				CLANG_ENABLE_OBJC_ARC = YES;
				CLANG_WARN_BOOL_CONVERSION = YES;
				CLANG_WARN_CONSTANT_CONVERSION = YES;
				CLANG_WARN_DIRECT_OBJC_ISA_USAGE = YES_ERROR;
				CLANG_WARN_EMPTY_BODY = YES;
				CLANG_WARN_ENUM_CONVERSION = YES;
				CLANG_WARN_INT_CONVERSION = YES;
				CLANG_WARN_OBJC_ROOT_CLASS = YES_ERROR;
				CLANG_WARN_UNREACHABLE_CODE = YES;
				CLANG_WARN__DUPLICATE_METHOD_MATCH = YES;
				"CODE_SIGN_IDENTITY[sdk=iphoneos*]" = "iPhone Developer";
				COPY_PHASE_STRIP = NO;
				DEBUG_INFORMATION_FORMAT = dwarf;
				ENABLE_STRICT_OBJC_MSGSEND = YES;
				ENABLE_TESTABILITY = YES;
				GCC_C_LANGUAGE_STANDARD = gnu99;
				GCC_DYNAMIC_NO_PIC = NO;
				GCC_NO_COMMON_BLOCKS = YES;
				GCC_OPTIMIZATION_LEVEL = 0;
				GCC_PREPROCESSOR_DEFINITIONS = (
					"DEBUG=1",
					"$(inherited)",
				);
				GCC_WARN_64_TO_32_BIT_CONVERSION = YES;
				GCC_WARN_ABOUT_RETURN_TYPE = YES_ERROR;
				GCC_WARN_UNDECLARED_SELECTOR = YES;
				GCC_WARN_UNINITIALIZED_AUTOS = YES_AGGRESSIVE;
				GCC_WARN_UNUSED_FUNCTION = YES;
				GCC_WARN_UNUSED_VARIABLE = YES;
				IPHONEOS_DEPLOYMENT_TARGET = 9.1;
				MTL_ENABLE_DEBUG_INFO = YES;
				ONLY_ACTIVE_ARCH = YES;
				SDKROOT = iphoneos;
				TARGETED_DEVICE_FAMILY = "1,2";
			};
			name = Debug;
		};
		6300D9791D62CE15006A64D8 /* Release */ = {
			isa = XCBuildConfiguration;
			buildSettings = {
				ALWAYS_SEARCH_USER_PATHS = NO;
				CLANG_CXX_LANGUAGE_STANDARD = "gnu++0x";
				CLANG_CXX_LIBRARY = "libc++";
				CLANG_ENABLE_MODULES = YES;
				CLANG_ENABLE_OBJC_ARC = YES;
				CLANG_WARN_BOOL_CONVERSION = YES;
				CLANG_WARN_CONSTANT_CONVERSION = YES;
				CLANG_WARN_DIRECT_OBJC_ISA_USAGE = YES_ERROR;
				CLANG_WARN_EMPTY_BODY = YES;
				CLANG_WARN_ENUM_CONVERSION = YES;
				CLANG_WARN_INT_CONVERSION = YES;
				CLANG_WARN_OBJC_ROOT_CLASS = YES_ERROR;
				CLANG_WARN_UNREACHABLE_CODE = YES;
				CLANG_WARN__DUPLICATE_METHOD_MATCH = YES;
				"CODE_SIGN_IDENTITY[sdk=iphoneos*]" = "iPhone Developer";
				COPY_PHASE_STRIP = NO;
				DEBUG_INFORMATION_FORMAT = "dwarf-with-dsym";
				ENABLE_NS_ASSERTIONS = NO;
				ENABLE_STRICT_OBJC_MSGSEND = YES;
				GCC_C_LANGUAGE_STANDARD = gnu99;
				GCC_NO_COMMON_BLOCKS = YES;
				GCC_WARN_64_TO_32_BIT_CONVERSION = YES;
				GCC_WARN_ABOUT_RETURN_TYPE = YES_ERROR;
				GCC_WARN_UNDECLARED_SELECTOR = YES;
				GCC_WARN_UNINITIALIZED_AUTOS = YES_AGGRESSIVE;
				GCC_WARN_UNUSED_FUNCTION = YES;
				GCC_WARN_UNUSED_VARIABLE = YES;
				IPHONEOS_DEPLOYMENT_TARGET = 9.1;
				MTL_ENABLE_DEBUG_INFO = NO;
				SDKROOT = iphoneos;
				TARGETED_DEVICE_FAMILY = "1,2";
				VALIDATE_PRODUCT = YES;
			};
			name = Release;
		};
		6300D97B1D62CE15006A64D8 /* Debug */ = {
			isa = XCBuildConfiguration;
			buildSettings = {
				ASSETCATALOG_COMPILER_APPICON_NAME = AppIcon;
				INFOPLIST_FILE = appleWeatherClone/Info.plist;
				LD_RUNPATH_SEARCH_PATHS = "$(inherited) @executable_path/Frameworks";
				PRODUCT_BUNDLE_IDENTIFIER = com.rnjailamba.appleWeatherClone;
				PRODUCT_NAME = "$(TARGET_NAME)";
			};
			name = Debug;
		};
		6300D97C1D62CE15006A64D8 /* Release */ = {
			isa = XCBuildConfiguration;
			buildSettings = {
				ASSETCATALOG_COMPILER_APPICON_NAME = AppIcon;
				INFOPLIST_FILE = appleWeatherClone/Info.plist;
				LD_RUNPATH_SEARCH_PATHS = "$(inherited) @executable_path/Frameworks";
				PRODUCT_BUNDLE_IDENTIFIER = com.rnjailamba.appleWeatherClone;
				PRODUCT_NAME = "$(TARGET_NAME)";
			};
			name = Release;
		};
/* End XCBuildConfiguration section */

/* Begin XCConfigurationList section */
		6300D95E1D62CE15006A64D8 /* Build configuration list for PBXProject "appleWeatherClone" */ = {
			isa = XCConfigurationList;
			buildConfigurations = (
				6300D9781D62CE15006A64D8 /* Debug */,
				6300D9791D62CE15006A64D8 /* Release */,
			);
			defaultConfigurationIsVisible = 0;
			defaultConfigurationName = Release;
		};
		6300D97A1D62CE15006A64D8 /* Build configuration list for PBXNativeTarget "appleWeatherClone" */ = {
			isa = XCConfigurationList;
			buildConfigurations = (
				6300D97B1D62CE15006A64D8 /* Debug */,
				6300D97C1D62CE15006A64D8 /* Release */,
			);
			defaultConfigurationIsVisible = 0;
		};
/* End XCConfigurationList section */
	};
	rootObject = 6300D95B1D62CE15006A64D8 /* Project object */;
}
