// !$*UTF8*$!
{
	archiveVersion = 1;
	classes = {
	};
	objectVersion = 46;
	objects = {

/* Begin PBXBuildFile section */
		213FF65FEDF8C1A9BCAC1C60 /* libPods-appleWeatherClone.a in Frameworks */ = {isa = PBXBuildFile; fileRef = 5B8F29508C6499923E009A7A /* libPods-appleWeatherClone.a */; };
		6300D9681D62CE15006A64D8 /* main.m in Sources */ = {isa = PBXBuildFile; fileRef = 6300D9671D62CE15006A64D8 /* main.m */; };
		6300D96B1D62CE15006A64D8 /* AppDelegate.m in Sources */ = {isa = PBXBuildFile; fileRef = 6300D96A1D62CE15006A64D8 /* AppDelegate.m */; };
		6300D96E1D62CE15006A64D8 /* ViewController.m in Sources */ = {isa = PBXBuildFile; fileRef = 6300D96D1D62CE15006A64D8 /* ViewController.m */; };
		6300D9731D62CE15006A64D8 /* Assets.xcassets in Resources */ = {isa = PBXBuildFile; fileRef = 6300D9721D62CE15006A64D8 /* Assets.xcassets */; };
		6300D97E1D62CEDE006A64D8 /* ViewController.xib in Resources */ = {isa = PBXBuildFile; fileRef = 6300D97D1D62CEDE006A64D8 /* ViewController.xib */; };
		6300D9801D62D0EC006A64D8 /* Default-568h@2x.png in Resources */ = {isa = PBXBuildFile; fileRef = 6300D97F1D62D0EC006A64D8 /* Default-568h@2x.png */; };
		6300D9891D642147006A64D8 /* PageContentViewController.m in Sources */ = {isa = PBXBuildFile; fileRef = 6300D9871D642147006A64D8 /* PageContentViewController.m */; };
		6300D98A1D642147006A64D8 /* PageContentViewController.xib in Resources */ = {isa = PBXBuildFile; fileRef = 6300D9881D642147006A64D8 /* PageContentViewController.xib */; };
		6300D9991D657480006A64D8 /* PageViewController.xib in Resources */ = {isa = PBXBuildFile; fileRef = 6300D9961D657480006A64D8 /* PageViewController.xib */; };
		6300D99A1D657480006A64D8 /* PageViewController.m in Sources */ = {isa = PBXBuildFile; fileRef = 6300D9981D657480006A64D8 /* PageViewController.m */; };
		6300D9A01D659D34006A64D8 /* stacked.png in Resources */ = {isa = PBXBuildFile; fileRef = 6300D99F1D659D34006A64D8 /* stacked.png */; };
		6300D9A91D659F26006A64D8 /* CollectionViewController.m in Sources */ = {isa = PBXBuildFile; fileRef = 6300D9A71D659F26006A64D8 /* CollectionViewController.m */; };
		6300D9AA1D659F26006A64D8 /* CollectionViewController.xib in Resources */ = {isa = PBXBuildFile; fileRef = 6300D9A81D659F26006A64D8 /* CollectionViewController.xib */; };
		6300D9B11D65A1AE006A64D8 /* plus.png in Resources */ = {isa = PBXBuildFile; fileRef = 6300D9B01D65A1AE006A64D8 /* plus.png */; };
		6300D9B41D65A269006A64D8 /* farenheit.png in Resources */ = {isa = PBXBuildFile; fileRef = 6300D9B21D65A269006A64D8 /* farenheit.png */; };
		6300D9B51D65A269006A64D8 /* celsius.png in Resources */ = {isa = PBXBuildFile; fileRef = 6300D9B31D65A269006A64D8 /* celsius.png */; };
		6300D9B71D65A31D006A64D8 /* thermometer.png in Resources */ = {isa = PBXBuildFile; fileRef = 6300D9B61D65A31D006A64D8 /* thermometer.png */; };
		630BFBEE1D66731700B5FE73 /* CurrentViewController.m in Sources */ = {isa = PBXBuildFile; fileRef = 630BFBEC1D66731700B5FE73 /* CurrentViewController.m */; };
		630BFBEF1D66731700B5FE73 /* CurrentViewController.xib in Resources */ = {isa = PBXBuildFile; fileRef = 630BFBED1D66731700B5FE73 /* CurrentViewController.xib */; };
		630BFBF31D67FEF200B5FE73 /* WeatherBottomViewCell1.m in Sources */ = {isa = PBXBuildFile; fileRef = 630BFBF11D67FEF200B5FE73 /* WeatherBottomViewCell1.m */; };
		630BFBF41D67FEF200B5FE73 /* WeatherBottomViewCell1.xib in Resources */ = {isa = PBXBuildFile; fileRef = 630BFBF21D67FEF200B5FE73 /* WeatherBottomViewCell1.xib */; };
		63389BCC1D65C40700179D93 /* clear.jpg in Resources */ = {isa = PBXBuildFile; fileRef = 63389BC81D65C40700179D93 /* clear.jpg */; };
		63389BCD1D65C40700179D93 /* cold.jpg in Resources */ = {isa = PBXBuildFile; fileRef = 63389BC91D65C40700179D93 /* cold.jpg */; };
		63389BD81D65E55B00179D93 /* SearchViewController.m in Sources */ = {isa = PBXBuildFile; fileRef = 63389BD61D65E55B00179D93 /* SearchViewController.m */; };
		63389BD91D65E55B00179D93 /* SearchViewController.xib in Resources */ = {isa = PBXBuildFile; fileRef = 63389BD71D65E55B00179D93 /* SearchViewController.xib */; };
		63D759251D68665E00C9B977 /* dots.png in Resources */ = {isa = PBXBuildFile; fileRef = 63D759241D68665E00C9B977 /* dots.png */; };
		63D759271D68676200C9B977 /* rec.png in Resources */ = {isa = PBXBuildFile; fileRef = 63D759261D68676200C9B977 /* rec.png */; };
		63D7592B1D6867B100C9B977 /* list.png in Resources */ = {isa = PBXBuildFile; fileRef = 63D7592A1D6867B100C9B977 /* list.png */; };
		63D7592D1D686CDC00C9B977 /* dot.png in Resources */ = {isa = PBXBuildFile; fileRef = 63D7592C1D686CDC00C9B977 /* dot.png */; };
		63D7592F1D686E8300C9B977 /* dots-clear.png in Resources */ = {isa = PBXBuildFile; fileRef = 63D7592E1D686E8300C9B977 /* dots-clear.png */; };
		63D7593D1D687A4000C9B977 /* beach1.jpg in Resources */ = {isa = PBXBuildFile; fileRef = 63D759311D687A4000C9B977 /* beach1.jpg */; };
		63D7593E1D687A4000C9B977 /* beach2.jpg in Resources */ = {isa = PBXBuildFile; fileRef = 63D759321D687A4000C9B977 /* beach2.jpg */; };
		63D7593F1D687A4000C9B977 /* clear1.jpg in Resources */ = {isa = PBXBuildFile; fileRef = 63D759331D687A4000C9B977 /* clear1.jpg */; };
		63D759401D687A4000C9B977 /* clear2.jpg in Resources */ = {isa = PBXBuildFile; fileRef = 63D759341D687A4000C9B977 /* clear2.jpg */; };
		63D759411D687A4000C9B977 /* clear3.jpg in Resources */ = {isa = PBXBuildFile; fileRef = 63D759351D687A4000C9B977 /* clear3.jpg */; };
		63D759421D687A4000C9B977 /* flower1.jpg in Resources */ = {isa = PBXBuildFile; fileRef = 63D759361D687A4000C9B977 /* flower1.jpg */; };
		63D759431D687A4000C9B977 /* rain1.jpg in Resources */ = {isa = PBXBuildFile; fileRef = 63D759371D687A4000C9B977 /* rain1.jpg */; };
		63D759441D687A4000C9B977 /* road1.jpg in Resources */ = {isa = PBXBuildFile; fileRef = 63D759381D687A4000C9B977 /* road1.jpg */; };
		63D759451D687A4000C9B977 /* sun1.jpg in Resources */ = {isa = PBXBuildFile; fileRef = 63D759391D687A4000C9B977 /* sun1.jpg */; };
		63D759461D687A4000C9B977 /* sun2.jpg in Resources */ = {isa = PBXBuildFile; fileRef = 63D7593A1D687A4000C9B977 /* sun2.jpg */; };
		63D759471D687A4000C9B977 /* sun3.jpg in Resources */ = {isa = PBXBuildFile; fileRef = 63D7593B1D687A4000C9B977 /* sun3.jpg */; };
		63D759511D68908A00C9B977 /* dots.png in Resources */ = {isa = PBXBuildFile; fileRef = 63D7594F1D68908A00C9B977 /* dots.png */; };
		63D759521D68908A00C9B977 /* stacked.png in Resources */ = {isa = PBXBuildFile; fileRef = 63D759501D68908A00C9B977 /* stacked.png */; };
		63D759541D68909300C9B977 /* rec.png in Resources */ = {isa = PBXBuildFile; fileRef = 63D759531D68909300C9B977 /* rec.png */; };
		63D759561D6890D100C9B977 /* list1.png in Resources */ = {isa = PBXBuildFile; fileRef = 63D759551D6890D100C9B977 /* list1.png */; };
/* End PBXBuildFile section */

/* Begin PBXFileReference section */
		5B8F29508C6499923E009A7A /* libPods-appleWeatherClone.a */ = {isa = PBXFileReference; explicitFileType = archive.ar; includeInIndex = 0; path = "libPods-appleWeatherClone.a"; sourceTree = BUILT_PRODUCTS_DIR; };
		6300D9631D62CE15006A64D8 /* appleWeatherClone.app */ = {isa = PBXFileReference; explicitFileType = wrapper.application; includeInIndex = 0; path = appleWeatherClone.app; sourceTree = BUILT_PRODUCTS_DIR; };
		6300D9671D62CE15006A64D8 /* main.m */ = {isa = PBXFileReference; lastKnownFileType = sourcecode.c.objc; path = main.m; sourceTree = "<group>"; };
		6300D9691D62CE15006A64D8 /* AppDelegate.h */ = {isa = PBXFileReference; lastKnownFileType = sourcecode.c.h; path = AppDelegate.h; sourceTree = "<group>"; };
		6300D96A1D62CE15006A64D8 /* AppDelegate.m */ = {isa = PBXFileReference; lastKnownFileType = sourcecode.c.objc; path = AppDelegate.m; sourceTree = "<group>"; };
		6300D96C1D62CE15006A64D8 /* ViewController.h */ = {isa = PBXFileReference; lastKnownFileType = sourcecode.c.h; path = ViewController.h; sourceTree = "<group>"; };
		6300D96D1D62CE15006A64D8 /* ViewController.m */ = {isa = PBXFileReference; lastKnownFileType = sourcecode.c.objc; path = ViewController.m; sourceTree = "<group>"; };
		6300D9721D62CE15006A64D8 /* Assets.xcassets */ = {isa = PBXFileReference; lastKnownFileType = folder.assetcatalog; path = Assets.xcassets; sourceTree = "<group>"; };
		6300D9771D62CE15006A64D8 /* Info.plist */ = {isa = PBXFileReference; lastKnownFileType = text.plist.xml; path = Info.plist; sourceTree = "<group>"; };
		6300D97D1D62CEDE006A64D8 /* ViewController.xib */ = {isa = PBXFileReference; fileEncoding = 4; lastKnownFileType = file.xib; path = ViewController.xib; sourceTree = "<group>"; };
		6300D97F1D62D0EC006A64D8 /* Default-568h@2x.png */ = {isa = PBXFileReference; lastKnownFileType = image.png; path = "Default-568h@2x.png"; sourceTree = "<group>"; };
		6300D9861D642147006A64D8 /* PageContentViewController.h */ = {isa = PBXFileReference; fileEncoding = 4; lastKnownFileType = sourcecode.c.h; path = PageContentViewController.h; sourceTree = "<group>"; };
		6300D9871D642147006A64D8 /* PageContentViewController.m */ = {isa = PBXFileReference; fileEncoding = 4; lastKnownFileType = sourcecode.c.objc; path = PageContentViewController.m; sourceTree = "<group>"; };
		6300D9881D642147006A64D8 /* PageContentViewController.xib */ = {isa = PBXFileReference; fileEncoding = 4; lastKnownFileType = file.xib; path = PageContentViewController.xib; sourceTree = "<group>"; };
		6300D9961D657480006A64D8 /* PageViewController.xib */ = {isa = PBXFileReference; fileEncoding = 4; lastKnownFileType = file.xib; path = PageViewController.xib; sourceTree = "<group>"; };
		6300D9971D657480006A64D8 /* PageViewController.h */ = {isa = PBXFileReference; fileEncoding = 4; lastKnownFileType = sourcecode.c.h; path = PageViewController.h; sourceTree = "<group>"; };
		6300D9981D657480006A64D8 /* PageViewController.m */ = {isa = PBXFileReference; fileEncoding = 4; lastKnownFileType = sourcecode.c.objc; path = PageViewController.m; sourceTree = "<group>"; };
		6300D99F1D659D34006A64D8 /* stacked.png */ = {isa = PBXFileReference; lastKnownFileType = image.png; path = stacked.png; sourceTree = "<group>"; };
		6300D9A61D659F26006A64D8 /* CollectionViewController.h */ = {isa = PBXFileReference; fileEncoding = 4; lastKnownFileType = sourcecode.c.h; path = CollectionViewController.h; sourceTree = "<group>"; };
		6300D9A71D659F26006A64D8 /* CollectionViewController.m */ = {isa = PBXFileReference; fileEncoding = 4; lastKnownFileType = sourcecode.c.objc; path = CollectionViewController.m; sourceTree = "<group>"; };
		6300D9A81D659F26006A64D8 /* CollectionViewController.xib */ = {isa = PBXFileReference; fileEncoding = 4; lastKnownFileType = file.xib; path = CollectionViewController.xib; sourceTree = "<group>"; };
		6300D9B01D65A1AE006A64D8 /* plus.png */ = {isa = PBXFileReference; lastKnownFileType = image.png; path = plus.png; sourceTree = "<group>"; };
		6300D9B21D65A269006A64D8 /* farenheit.png */ = {isa = PBXFileReference; lastKnownFileType = image.png; path = farenheit.png; sourceTree = "<group>"; };
		6300D9B31D65A269006A64D8 /* celsius.png */ = {isa = PBXFileReference; lastKnownFileType = image.png; path = celsius.png; sourceTree = "<group>"; };
		6300D9B61D65A31D006A64D8 /* thermometer.png */ = {isa = PBXFileReference; lastKnownFileType = image.png; path = thermometer.png; sourceTree = "<group>"; };
		630BFBEB1D66731700B5FE73 /* CurrentViewController.h */ = {isa = PBXFileReference; fileEncoding = 4; lastKnownFileType = sourcecode.c.h; path = CurrentViewController.h; sourceTree = "<group>"; };
		630BFBEC1D66731700B5FE73 /* CurrentViewController.m */ = {isa = PBXFileReference; fileEncoding = 4; lastKnownFileType = sourcecode.c.objc; path = CurrentViewController.m; sourceTree = "<group>"; };
		630BFBED1D66731700B5FE73 /* CurrentViewController.xib */ = {isa = PBXFileReference; fileEncoding = 4; lastKnownFileType = file.xib; path = CurrentViewController.xib; sourceTree = "<group>"; };
		630BFBF01D67FEF200B5FE73 /* WeatherBottomViewCell1.h */ = {isa = PBXFileReference; fileEncoding = 4; lastKnownFileType = sourcecode.c.h; path = WeatherBottomViewCell1.h; sourceTree = "<group>"; };
		630BFBF11D67FEF200B5FE73 /* WeatherBottomViewCell1.m */ = {isa = PBXFileReference; fileEncoding = 4; lastKnownFileType = sourcecode.c.objc; path = WeatherBottomViewCell1.m; sourceTree = "<group>"; };
		630BFBF21D67FEF200B5FE73 /* WeatherBottomViewCell1.xib */ = {isa = PBXFileReference; fileEncoding = 4; lastKnownFileType = file.xib; path = WeatherBottomViewCell1.xib; sourceTree = "<group>"; };
		63389BC81D65C40700179D93 /* clear.jpg */ = {isa = PBXFileReference; lastKnownFileType = image.jpeg; path = clear.jpg; sourceTree = "<group>"; };
		63389BC91D65C40700179D93 /* cold.jpg */ = {isa = PBXFileReference; lastKnownFileType = image.jpeg; path = cold.jpg; sourceTree = "<group>"; };
		63389BD51D65E55B00179D93 /* SearchViewController.h */ = {isa = PBXFileReference; fileEncoding = 4; lastKnownFileType = sourcecode.c.h; path = SearchViewController.h; sourceTree = "<group>"; };
		63389BD61D65E55B00179D93 /* SearchViewController.m */ = {isa = PBXFileReference; fileEncoding = 4; lastKnownFileType = sourcecode.c.objc; path = SearchViewController.m; sourceTree = "<group>"; };
		63389BD71D65E55B00179D93 /* SearchViewController.xib */ = {isa = PBXFileReference; fileEncoding = 4; lastKnownFileType = file.xib; path = SearchViewController.xib; sourceTree = "<group>"; };
		63D759241D68665E00C9B977 /* dots.png */ = {isa = PBXFileReference; lastKnownFileType = image.png; path = dots.png; sourceTree = "<group>"; };
		63D759261D68676200C9B977 /* rec.png */ = {isa = PBXFileReference; lastKnownFileType = image.png; path = rec.png; sourceTree = "<group>"; };
		63D7592A1D6867B100C9B977 /* list.png */ = {isa = PBXFileReference; lastKnownFileType = image.png; path = list.png; sourceTree = "<group>"; };
		63D7592C1D686CDC00C9B977 /* dot.png */ = {isa = PBXFileReference; lastKnownFileType = image.png; path = dot.png; sourceTree = "<group>"; };
		63D7592E1D686E8300C9B977 /* dots-clear.png */ = {isa = PBXFileReference; lastKnownFileType = image.png; path = "dots-clear.png"; sourceTree = "<group>"; };
		63D759311D687A4000C9B977 /* beach1.jpg */ = {isa = PBXFileReference; lastKnownFileType = image.jpeg; path = beach1.jpg; sourceTree = "<group>"; };
		63D759321D687A4000C9B977 /* beach2.jpg */ = {isa = PBXFileReference; lastKnownFileType = image.jpeg; path = beach2.jpg; sourceTree = "<group>"; };
		63D759331D687A4000C9B977 /* clear1.jpg */ = {isa = PBXFileReference; lastKnownFileType = image.jpeg; path = clear1.jpg; sourceTree = "<group>"; };
		63D759341D687A4000C9B977 /* clear2.jpg */ = {isa = PBXFileReference; lastKnownFileType = image.jpeg; path = clear2.jpg; sourceTree = "<group>"; };
		63D759351D687A4000C9B977 /* clear3.jpg */ = {isa = PBXFileReference; lastKnownFileType = image.jpeg; path = clear3.jpg; sourceTree = "<group>"; };
		63D759361D687A4000C9B977 /* flower1.jpg */ = {isa = PBXFileReference; lastKnownFileType = image.jpeg; path = flower1.jpg; sourceTree = "<group>"; };
		63D759371D687A4000C9B977 /* rain1.jpg */ = {isa = PBXFileReference; lastKnownFileType = image.jpeg; path = rain1.jpg; sourceTree = "<group>"; };
		63D759381D687A4000C9B977 /* road1.jpg */ = {isa = PBXFileReference; lastKnownFileType = image.jpeg; path = road1.jpg; sourceTree = "<group>"; };
		63D759391D687A4000C9B977 /* sun1.jpg */ = {isa = PBXFileReference; lastKnownFileType = image.jpeg; path = sun1.jpg; sourceTree = "<group>"; };
		63D7593A1D687A4000C9B977 /* sun2.jpg */ = {isa = PBXFileReference; lastKnownFileType = image.jpeg; path = sun2.jpg; sourceTree = "<group>"; };
		63D7593B1D687A4000C9B977 /* sun3.jpg */ = {isa = PBXFileReference; lastKnownFileType = image.jpeg; path = sun3.jpg; sourceTree = "<group>"; };
		63D7594F1D68908A00C9B977 /* dots.png */ = {isa = PBXFileReference; lastKnownFileType = image.png; path = dots.png; sourceTree = "<group>"; };
		63D759501D68908A00C9B977 /* stacked.png */ = {isa = PBXFileReference; lastKnownFileType = image.png; path = stacked.png; sourceTree = "<group>"; };
		63D759531D68909300C9B977 /* rec.png */ = {isa = PBXFileReference; lastKnownFileType = image.png; path = rec.png; sourceTree = "<group>"; };
		63D759551D6890D100C9B977 /* list1.png */ = {isa = PBXFileReference; lastKnownFileType = image.png; path = list1.png; sourceTree = "<group>"; };
		82CAC272DB699C33F01A23B7 /* Pods-appleWeatherClone.debug.xcconfig */ = {isa = PBXFileReference; includeInIndex = 1; lastKnownFileType = text.xcconfig; name = "Pods-appleWeatherClone.debug.xcconfig"; path = "Pods/Target Support Files/Pods-appleWeatherClone/Pods-appleWeatherClone.debug.xcconfig"; sourceTree = "<group>"; };
		C61A1229EB01B52547950279 /* Pods-appleWeatherClone.release.xcconfig */ = {isa = PBXFileReference; includeInIndex = 1; lastKnownFileType = text.xcconfig; name = "Pods-appleWeatherClone.release.xcconfig"; path = "Pods/Target Support Files/Pods-appleWeatherClone/Pods-appleWeatherClone.release.xcconfig"; sourceTree = "<group>"; };
/* End PBXFileReference section */

/* Begin PBXFrameworksBuildPhase section */
		6300D9601D62CE15006A64D8 /* Frameworks */ = {
			isa = PBXFrameworksBuildPhase;
			buildActionMask = 2147483647;
			files = (
				213FF65FEDF8C1A9BCAC1C60 /* libPods-appleWeatherClone.a in Frameworks */,
			);
			runOnlyForDeploymentPostprocessing = 0;
		};
/* End PBXFrameworksBuildPhase section */

/* Begin PBXGroup section */
		1CF4D8DD1B96EC00ABAAE4B6 /* Pods */ = {
			isa = PBXGroup;
			children = (
				82CAC272DB699C33F01A23B7 /* Pods-appleWeatherClone.debug.xcconfig */,
				C61A1229EB01B52547950279 /* Pods-appleWeatherClone.release.xcconfig */,
			);
			name = Pods;
			sourceTree = "<group>";
		};
		6300D95A1D62CE15006A64D8 = {
			isa = PBXGroup;
			children = (
				6300D97F1D62D0EC006A64D8 /* Default-568h@2x.png */,
				6300D9651D62CE15006A64D8 /* appleWeatherClone */,
				6300D9641D62CE15006A64D8 /* Products */,
				1CF4D8DD1B96EC00ABAAE4B6 /* Pods */,
				BA7E408B7932AEE31DB4370F /* Frameworks */,
			);
			sourceTree = "<group>";
		};
		6300D9641D62CE15006A64D8 /* Products */ = {
			isa = PBXGroup;
			children = (
				6300D9631D62CE15006A64D8 /* appleWeatherClone.app */,
			);
			name = Products;
			sourceTree = "<group>";
		};
		6300D9651D62CE15006A64D8 /* appleWeatherClone */ = {
			isa = PBXGroup;
			children = (
				63D759301D68792B00C9B977 /* Weather */,
				6300D98B1D6424B6006A64D8 /* Graphics */,
				6300D9691D62CE15006A64D8 /* AppDelegate.h */,
				6300D96A1D62CE15006A64D8 /* AppDelegate.m */,
				6300D9721D62CE15006A64D8 /* Assets.xcassets */,
				6300D9771D62CE15006A64D8 /* Info.plist */,
				6300D96C1D62CE15006A64D8 /* ViewController.h */,
				6300D96D1D62CE15006A64D8 /* ViewController.m */,
				6300D97D1D62CEDE006A64D8 /* ViewController.xib */,
				6300D9861D642147006A64D8 /* PageContentViewController.h */,
				6300D9871D642147006A64D8 /* PageContentViewController.m */,
				6300D9881D642147006A64D8 /* PageContentViewController.xib */,
				6300D9971D657480006A64D8 /* PageViewController.h */,
				6300D9981D657480006A64D8 /* PageViewController.m */,
				6300D9961D657480006A64D8 /* PageViewController.xib */,
				6300D9661D62CE15006A64D8 /* Supporting Files */,
				6300D9A61D659F26006A64D8 /* CollectionViewController.h */,
				6300D9A71D659F26006A64D8 /* CollectionViewController.m */,
				6300D9A81D659F26006A64D8 /* CollectionViewController.xib */,
				630BFBF01D67FEF200B5FE73 /* WeatherBottomViewCell1.h */,
				630BFBF11D67FEF200B5FE73 /* WeatherBottomViewCell1.m */,
				630BFBF21D67FEF200B5FE73 /* WeatherBottomViewCell1.xib */,
				63389BD51D65E55B00179D93 /* SearchViewController.h */,
				63389BD61D65E55B00179D93 /* SearchViewController.m */,
				63389BD71D65E55B00179D93 /* SearchViewController.xib */,
				630BFBEB1D66731700B5FE73 /* CurrentViewController.h */,
				630BFBEC1D66731700B5FE73 /* CurrentViewController.m */,
				630BFBED1D66731700B5FE73 /* CurrentViewController.xib */,
			);
			path = appleWeatherClone;
			sourceTree = "<group>";
		};
		6300D9661D62CE15006A64D8 /* Supporting Files */ = {
			isa = PBXGroup;
			children = (
				6300D9671D62CE15006A64D8 /* main.m */,
			);
			name = "Supporting Files";
			sourceTree = "<group>";
		};
		6300D98B1D6424B6006A64D8 /* Graphics */ = {
			isa = PBXGroup;
			children = (
				63D759551D6890D100C9B977 /* list1.png */,
				63D759261D68676200C9B977 /* rec.png */,
				63D759531D68909300C9B977 /* rec.png */,
				63D7594F1D68908A00C9B977 /* dots.png */,
				63D759501D68908A00C9B977 /* stacked.png */,
				63D7592A1D6867B100C9B977 /* list.png */,
				63D7592C1D686CDC00C9B977 /* dot.png */,
				6300D9B21D65A269006A64D8 /* farenheit.png */,
				6300D9B61D65A31D006A64D8 /* thermometer.png */,
				63D759241D68665E00C9B977 /* dots.png */,
				6300D9B31D65A269006A64D8 /* celsius.png */,
				6300D9B01D65A1AE006A64D8 /* plus.png */,
				6300D99F1D659D34006A64D8 /* stacked.png */,
				63D7592E1D686E8300C9B977 /* dots-clear.png */,
			);
			name = Graphics;
			sourceTree = "<group>";
		};
		63D759301D68792B00C9B977 /* Weather */ = {
			isa = PBXGroup;
			children = (
				63389BC81D65C40700179D93 /* clear.jpg */,
				63389BC91D65C40700179D93 /* cold.jpg */,
				63D759311D687A4000C9B977 /* beach1.jpg */,
				63D759321D687A4000C9B977 /* beach2.jpg */,
				63D759331D687A4000C9B977 /* clear1.jpg */,
				63D759341D687A4000C9B977 /* clear2.jpg */,
				63D759351D687A4000C9B977 /* clear3.jpg */,
				63D759361D687A4000C9B977 /* flower1.jpg */,
				63D759371D687A4000C9B977 /* rain1.jpg */,
				63D759381D687A4000C9B977 /* road1.jpg */,
				63D759391D687A4000C9B977 /* sun1.jpg */,
				63D7593A1D687A4000C9B977 /* sun2.jpg */,
				63D7593B1D687A4000C9B977 /* sun3.jpg */,
			);
			name = Weather;
			sourceTree = "<group>";
		};
		BA7E408B7932AEE31DB4370F /* Frameworks */ = {
			isa = PBXGroup;
			children = (
				5B8F29508C6499923E009A7A /* libPods-appleWeatherClone.a */,
			);
			name = Frameworks;
			sourceTree = "<group>";
		};
/* End PBXGroup section */

/* Begin PBXNativeTarget section */
		6300D9621D62CE15006A64D8 /* appleWeatherClone */ = {
			isa = PBXNativeTarget;
			buildConfigurationList = 6300D97A1D62CE15006A64D8 /* Build configuration list for PBXNativeTarget "appleWeatherClone" */;
			buildPhases = (
				6C21E1591282A42314723879 /* [CP] Check Pods Manifest.lock */,
				6300D95F1D62CE15006A64D8 /* Sources */,
				6300D9601D62CE15006A64D8 /* Frameworks */,
				6300D9611D62CE15006A64D8 /* Resources */,
				3EB9E972F02BEFE6FFEBD67A /* [CP] Embed Pods Frameworks */,
				02A115F9D65DDF709E61FA3E /* [CP] Copy Pods Resources */,
			);
			buildRules = (
			);
			dependencies = (
			);
			name = appleWeatherClone;
			productName = appleWeatherClone;
			productReference = 6300D9631D62CE15006A64D8 /* appleWeatherClone.app */;
			productType = "com.apple.product-type.application";
		};
/* End PBXNativeTarget section */

/* Begin PBXProject section */
		6300D95B1D62CE15006A64D8 /* Project object */ = {
			isa = PBXProject;
			attributes = {
				LastUpgradeCheck = 0710;
				ORGANIZATIONNAME = "Rnjai Lamba";
				TargetAttributes = {
					6300D9621D62CE15006A64D8 = {
						CreatedOnToolsVersion = 7.1.1;
					};
				};
			};
			buildConfigurationList = 6300D95E1D62CE15006A64D8 /* Build configuration list for PBXProject "appleWeatherClone" */;
			compatibilityVersion = "Xcode 3.2";
			developmentRegion = English;
			hasScannedForEncodings = 0;
			knownRegions = (
				en,
				Base,
			);
			mainGroup = 6300D95A1D62CE15006A64D8;
			productRefGroup = 6300D9641D62CE15006A64D8 /* Products */;
			projectDirPath = "";
			projectRoot = "";
			targets = (
				6300D9621D62CE15006A64D8 /* appleWeatherClone */,
			);
		};
/* End PBXProject section */

/* Begin PBXResourcesBuildPhase section */
		6300D9611D62CE15006A64D8 /* Resources */ = {
			isa = PBXResourcesBuildPhase;
			buildActionMask = 2147483647;
			files = (
				63D759441D687A4000C9B977 /* road1.jpg in Resources */,
				6300D9A01D659D34006A64D8 /* stacked.png in Resources */,
				6300D9991D657480006A64D8 /* PageViewController.xib in Resources */,
				63D759461D687A4000C9B977 /* sun2.jpg in Resources */,
				63389BCD1D65C40700179D93 /* cold.jpg in Resources */,
				63D7593E1D687A4000C9B977 /* beach2.jpg in Resources */,
				63D759271D68676200C9B977 /* rec.png in Resources */,
				63D7593D1D687A4000C9B977 /* beach1.jpg in Resources */,
				630BFBF41D67FEF200B5FE73 /* WeatherBottomViewCell1.xib in Resources */,
				6300D9B51D65A269006A64D8 /* celsius.png in Resources */,
				6300D97E1D62CEDE006A64D8 /* ViewController.xib in Resources */,
				63D759511D68908A00C9B977 /* dots.png in Resources */,
				6300D9B11D65A1AE006A64D8 /* plus.png in Resources */,
				63389BCC1D65C40700179D93 /* clear.jpg in Resources */,
				63D759411D687A4000C9B977 /* clear3.jpg in Resources */,
				63D759471D687A4000C9B977 /* sun3.jpg in Resources */,
				630BFBEF1D66731700B5FE73 /* CurrentViewController.xib in Resources */,
				6300D9AA1D659F26006A64D8 /* CollectionViewController.xib in Resources */,
				63D7592D1D686CDC00C9B977 /* dot.png in Resources */,
				63D759541D68909300C9B977 /* rec.png in Resources */,
				63D759251D68665E00C9B977 /* dots.png in Resources */,
				63D759421D687A4000C9B977 /* flower1.jpg in Resources */,
				6300D9B41D65A269006A64D8 /* farenheit.png in Resources */,
				6300D9731D62CE15006A64D8 /* Assets.xcassets in Resources */,
				63D7592B1D6867B100C9B977 /* list.png in Resources */,
				6300D9801D62D0EC006A64D8 /* Default-568h@2x.png in Resources */,
				63D759521D68908A00C9B977 /* stacked.png in Resources */,
				6300D9B71D65A31D006A64D8 /* thermometer.png in Resources */,
				63D7592F1D686E8300C9B977 /* dots-clear.png in Resources */,
				63D759561D6890D100C9B977 /* list1.png in Resources */,
				63D759431D687A4000C9B977 /* rain1.jpg in Resources */,
				63389BD91D65E55B00179D93 /* SearchViewController.xib in Resources */,
				6300D98A1D642147006A64D8 /* PageContentViewController.xib in Resources */,
				63D7593F1D687A4000C9B977 /* clear1.jpg in Resources */,
				63D759451D687A4000C9B977 /* sun1.jpg in Resources */,
				63D759401D687A4000C9B977 /* clear2.jpg in Resources */,
			);
			runOnlyForDeploymentPostprocessing = 0;
		};
/* End PBXResourcesBuildPhase section */

/* Begin PBXShellScriptBuildPhase section */
		02A115F9D65DDF709E61FA3E /* [CP] Copy Pods Resources */ = {
			isa = PBXShellScriptBuildPhase;
			buildActionMask = 2147483647;
			files = (
			);
			inputPaths = (
			);
			name = "[CP] Copy Pods Resources";
			outputPaths = (
			);
			runOnlyForDeploymentPostprocessing = 0;
			shellPath = /bin/sh;
			shellScript = "\"${SRCROOT}/Pods/Target Support Files/Pods-appleWeatherClone/Pods-appleWeatherClone-resources.sh\"\n";
			showEnvVarsInLog = 0;
		};
		3EB9E972F02BEFE6FFEBD67A /* [CP] Embed Pods Frameworks */ = {
			isa = PBXShellScriptBuildPhase;
			buildActionMask = 2147483647;
			files = (
			);
			inputPaths = (
			);
			name = "[CP] Embed Pods Frameworks";
			outputPaths = (
			);
			runOnlyForDeploymentPostprocessing = 0;
			shellPath = /bin/sh;
			shellScript = "\"${SRCROOT}/Pods/Target Support Files/Pods-appleWeatherClone/Pods-appleWeatherClone-frameworks.sh\"\n";
			showEnvVarsInLog = 0;
		};
		6C21E1591282A42314723879 /* [CP] Check Pods Manifest.lock */ = {
			isa = PBXShellScriptBuildPhase;
			buildActionMask = 2147483647;
			files = (
			);
			inputPaths = (
			);
			name = "[CP] Check Pods Manifest.lock";
			outputPaths = (
			);
			runOnlyForDeploymentPostprocessing = 0;
			shellPath = /bin/sh;
			shellScript = "diff \"${PODS_ROOT}/../Podfile.lock\" \"${PODS_ROOT}/Manifest.lock\" > /dev/null\nif [[ $? != 0 ]] ; then\n    cat << EOM\nerror: The sandbox is not in sync with the Podfile.lock. Run 'pod install' or update your CocoaPods installation.\nEOM\n    exit 1\nfi\n";
			showEnvVarsInLog = 0;
		};
/* End PBXShellScriptBuildPhase section */

/* Begin PBXSourcesBuildPhase section */
		6300D95F1D62CE15006A64D8 /* Sources */ = {
			isa = PBXSourcesBuildPhase;
			buildActionMask = 2147483647;
			files = (
				6300D96E1D62CE15006A64D8 /* ViewController.m in Sources */,
				630BFBF31D67FEF200B5FE73 /* WeatherBottomViewCell1.m in Sources */,
				6300D96B1D62CE15006A64D8 /* AppDelegate.m in Sources */,
				6300D9A91D659F26006A64D8 /* CollectionViewController.m in Sources */,
				6300D9891D642147006A64D8 /* PageContentViewController.m in Sources */,
				6300D99A1D657480006A64D8 /* PageViewController.m in Sources */,
				63389BD81D65E55B00179D93 /* SearchViewController.m in Sources */,
				630BFBEE1D66731700B5FE73 /* CurrentViewController.m in Sources */,
				6300D9681D62CE15006A64D8 /* main.m in Sources */,
			);
			runOnlyForDeploymentPostprocessing = 0;
		};
/* End PBXSourcesBuildPhase section */

/* Begin XCBuildConfiguration section */
		6300D9781D62CE15006A64D8 /* Debug */ = {
			isa = XCBuildConfiguration;
			buildSettings = {
				ALWAYS_SEARCH_USER_PATHS = NO;
				CLANG_CXX_LANGUAGE_STANDARD = "gnu++0x";
				CLANG_CXX_LIBRARY = "libc++";
				CLANG_ENABLE_MODULES = YES;
				CLANG_ENABLE_OBJC_ARC = YES;
				CLANG_WARN_BOOL_CONVERSION = YES;
				CLANG_WARN_CONSTANT_CONVERSION = YES;
				CLANG_WARN_DIRECT_OBJC_ISA_USAGE = YES_ERROR;
				CLANG_WARN_EMPTY_BODY = YES;
				CLANG_WARN_ENUM_CONVERSION = YES;
				CLANG_WARN_INT_CONVERSION = YES;
				CLANG_WARN_OBJC_ROOT_CLASS = YES_ERROR;
				CLANG_WARN_UNREACHABLE_CODE = YES;
				CLANG_WARN__DUPLICATE_METHOD_MATCH = YES;
				"CODE_SIGN_IDENTITY[sdk=iphoneos*]" = "iPhone Developer";
				COPY_PHASE_STRIP = NO;
				DEBUG_INFORMATION_FORMAT = dwarf;
				ENABLE_STRICT_OBJC_MSGSEND = YES;
				ENABLE_TESTABILITY = YES;
				GCC_C_LANGUAGE_STANDARD = gnu99;
				GCC_DYNAMIC_NO_PIC = NO;
				GCC_NO_COMMON_BLOCKS = YES;
				GCC_OPTIMIZATION_LEVEL = 0;
				GCC_PREPROCESSOR_DEFINITIONS = (
					"DEBUG=1",
					"$(inherited)",
				);
				GCC_WARN_64_TO_32_BIT_CONVERSION = YES;
				GCC_WARN_ABOUT_RETURN_TYPE = YES_ERROR;
				GCC_WARN_UNDECLARED_SELECTOR = YES;
				GCC_WARN_UNINITIALIZED_AUTOS = YES_AGGRESSIVE;
				GCC_WARN_UNUSED_FUNCTION = YES;
				GCC_WARN_UNUSED_VARIABLE = YES;
				IPHONEOS_DEPLOYMENT_TARGET = 9.1;
				MTL_ENABLE_DEBUG_INFO = YES;
				ONLY_ACTIVE_ARCH = YES;
				SDKROOT = iphoneos;
				TARGETED_DEVICE_FAMILY = "1,2";
			};
			name = Debug;
		};
		6300D9791D62CE15006A64D8 /* Release */ = {
			isa = XCBuildConfiguration;
			buildSettings = {
				ALWAYS_SEARCH_USER_PATHS = NO;
				CLANG_CXX_LANGUAGE_STANDARD = "gnu++0x";
				CLANG_CXX_LIBRARY = "libc++";
				CLANG_ENABLE_MODULES = YES;
				CLANG_ENABLE_OBJC_ARC = YES;
				CLANG_WARN_BOOL_CONVERSION = YES;
				CLANG_WARN_CONSTANT_CONVERSION = YES;
				CLANG_WARN_DIRECT_OBJC_ISA_USAGE = YES_ERROR;
				CLANG_WARN_EMPTY_BODY = YES;
				CLANG_WARN_ENUM_CONVERSION = YES;
				CLANG_WARN_INT_CONVERSION = YES;
				CLANG_WARN_OBJC_ROOT_CLASS = YES_ERROR;
				CLANG_WARN_UNREACHABLE_CODE = YES;
				CLANG_WARN__DUPLICATE_METHOD_MATCH = YES;
				"CODE_SIGN_IDENTITY[sdk=iphoneos*]" = "iPhone Developer";
				COPY_PHASE_STRIP = NO;
				DEBUG_INFORMATION_FORMAT = "dwarf-with-dsym";
				ENABLE_NS_ASSERTIONS = NO;
				ENABLE_STRICT_OBJC_MSGSEND = YES;
				GCC_C_LANGUAGE_STANDARD = gnu99;
				GCC_NO_COMMON_BLOCKS = YES;
				GCC_WARN_64_TO_32_BIT_CONVERSION = YES;
				GCC_WARN_ABOUT_RETURN_TYPE = YES_ERROR;
				GCC_WARN_UNDECLARED_SELECTOR = YES;
				GCC_WARN_UNINITIALIZED_AUTOS = YES_AGGRESSIVE;
				GCC_WARN_UNUSED_FUNCTION = YES;
				GCC_WARN_UNUSED_VARIABLE = YES;
				IPHONEOS_DEPLOYMENT_TARGET = 9.1;
				MTL_ENABLE_DEBUG_INFO = NO;
				SDKROOT = iphoneos;
				TARGETED_DEVICE_FAMILY = "1,2";
				VALIDATE_PRODUCT = YES;
			};
			name = Release;
		};
		6300D97B1D62CE15006A64D8 /* Debug */ = {
			isa = XCBuildConfiguration;
			baseConfigurationReference = 82CAC272DB699C33F01A23B7 /* Pods-appleWeatherClone.debug.xcconfig */;
			buildSettings = {
				ASSETCATALOG_COMPILER_APPICON_NAME = AppIcon;
				INFOPLIST_FILE = appleWeatherClone/Info.plist;
				LD_RUNPATH_SEARCH_PATHS = "$(inherited) @executable_path/Frameworks";
				PRODUCT_BUNDLE_IDENTIFIER = com.rnjailamba.appleWeatherClone;
				PRODUCT_NAME = "$(TARGET_NAME)";
			};
			name = Debug;
		};
		6300D97C1D62CE15006A64D8 /* Release */ = {
			isa = XCBuildConfiguration;
			baseConfigurationReference = C61A1229EB01B52547950279 /* Pods-appleWeatherClone.release.xcconfig */;
			buildSettings = {
				ASSETCATALOG_COMPILER_APPICON_NAME = AppIcon;
				INFOPLIST_FILE = appleWeatherClone/Info.plist;
				LD_RUNPATH_SEARCH_PATHS = "$(inherited) @executable_path/Frameworks";
				PRODUCT_BUNDLE_IDENTIFIER = com.rnjailamba.appleWeatherClone;
				PRODUCT_NAME = "$(TARGET_NAME)";
			};
			name = Release;
		};
/* End XCBuildConfiguration section */

/* Begin XCConfigurationList section */
		6300D95E1D62CE15006A64D8 /* Build configuration list for PBXProject "appleWeatherClone" */ = {
			isa = XCConfigurationList;
			buildConfigurations = (
				6300D9781D62CE15006A64D8 /* Debug */,
				6300D9791D62CE15006A64D8 /* Release */,
			);
			defaultConfigurationIsVisible = 0;
			defaultConfigurationName = Release;
		};
		6300D97A1D62CE15006A64D8 /* Build configuration list for PBXNativeTarget "appleWeatherClone" */ = {
			isa = XCConfigurationList;
			buildConfigurations = (
				6300D97B1D62CE15006A64D8 /* Debug */,
				6300D97C1D62CE15006A64D8 /* Release */,
			);
			defaultConfigurationIsVisible = 0;
			defaultConfigurationName = Release;
		};
/* End XCConfigurationList section */
	};
	rootObject = 6300D95B1D62CE15006A64D8 /* Project object */;
}
